
Microsoft Visual Studio Solution File, Format Version 12.00
# Visual Studio Version 16
VisualStudioVersion = 16.0.32002.261
MinimumVisualStudioVersion = 10.0.40219.1
Project("{FAE04EC0-301F-11D3-BF4B-00C04F79EFBC}") = "Task1", "Task1\Task1.csproj", "{3F48DEFD-3B5B-40C1-A726-DD552F89CCE5}"
EndProject
Project("{FAE04EC0-301F-11D3-BF4B-00C04F79EFBC}") = "Task2", "Task2\Task2.csproj", "{311DFDA6-23CE-4973-BB1F-AF342FB5733C}"
EndProject
Global
	GlobalSection(SolutionConfigurationPlatforms) = preSolution
		Debug|Any CPU = Debug|Any CPU
		Release|Any CPU = Release|Any CPU
	EndGlobalSection
	GlobalSection(ProjectConfigurationPlatforms) = postSolution
		{3F48DEFD-3B5B-40C1-A726-DD552F89CCE5}.Debug|Any CPU.ActiveCfg = Debug|Any CPU
		{3F48DEFD-3B5B-40C1-A726-DD552F89CCE5}.Debug|Any CPU.Build.0 = Debug|Any CPU
		{3F48DEFD-3B5B-40C1-A726-DD552F89CCE5}.Release|Any CPU.ActiveCfg = Release|Any CPU
		{3F48DEFD-3B5B-40C1-A726-DD552F89CCE5}.Release|Any CPU.Build.0 = Release|Any CPU
		{311DFDA6-23CE-4973-BB1F-AF342FB5733C}.Debug|Any CPU.ActiveCfg = Debug|Any CPU
		{311DFDA6-23CE-4973-BB1F-AF342FB5733C}.Debug|Any CPU.Build.0 = Debug|Any CPU
		{311DFDA6-23CE-4973-BB1F-AF342FB5733C}.Release|Any CPU.ActiveCfg = Release|Any CPU
		{311DFDA6-23CE-4973-BB1F-AF342FB5733C}.Release|Any CPU.Build.0 = Release|Any CPU
	EndGlobalSection
	GlobalSection(SolutionProperties) = preSolution
		HideSolutionNode = FALSE
	EndGlobalSection
	GlobalSection(ExtensibilityGlobals) = postSolution
		SolutionGuid = {4565D28F-8EDD-42A7-9998-C522DB55F450}
	EndGlobalSection
EndGlobal
